
Microsoft Visual Studio Solution File, Format Version 12.00
# Visual Studio Version 16
VisualStudioVersion = 16.0.28922.388
MinimumVisualStudioVersion = 10.0.40219.1
Project("{6EC3EE1D-3C4E-46DD-8F32-0CC8E7565705}") = "FSharpDemos", "FSharpDemos\FSharpDemos.fsproj", "{6D1F80EC-2B88-4CCF-84DB-8BC0C1D18E22}"
EndProject
Project("{6EC3EE1D-3C4E-46DD-8F32-0CC8E7565705}") = "FStest.SomeDomain", "FStest.SomeDomain\FStest.SomeDomain.fsproj", "{5921B093-10F9-4DEB-8606-2F193A7AE761}"
EndProject
Project("{6EC3EE1D-3C4E-46DD-8F32-0CC8E7565705}") = "FStest.SomeDomainTests", "FStest.SomeDomainTests\FStest.SomeDomainTests.fsproj", "{43D0851E-0D15-4AFA-99FC-C066EDA4109F}"
EndProject
Project("{F2A71F9B-5D33-465A-A702-920D77279786}") = "FSharpFundamentalsCourse", "FSharpFundamentalsCourse\FSharpFundamentalsCourse.fsproj", "{BCE754F7-E375-4109-8891-910AC19DDFA4}"
EndProject
Global
	GlobalSection(SolutionConfigurationPlatforms) = preSolution
		Debug|Any CPU = Debug|Any CPU
		Release|Any CPU = Release|Any CPU
	EndGlobalSection
	GlobalSection(ProjectConfigurationPlatforms) = postSolution
		{6D1F80EC-2B88-4CCF-84DB-8BC0C1D18E22}.Debug|Any CPU.ActiveCfg = Debug|Any CPU
		{6D1F80EC-2B88-4CCF-84DB-8BC0C1D18E22}.Debug|Any CPU.Build.0 = Debug|Any CPU
		{6D1F80EC-2B88-4CCF-84DB-8BC0C1D18E22}.Release|Any CPU.ActiveCfg = Release|Any CPU
		{6D1F80EC-2B88-4CCF-84DB-8BC0C1D18E22}.Release|Any CPU.Build.0 = Release|Any CPU
		{5921B093-10F9-4DEB-8606-2F193A7AE761}.Debug|Any CPU.ActiveCfg = Debug|Any CPU
		{5921B093-10F9-4DEB-8606-2F193A7AE761}.Debug|Any CPU.Build.0 = Debug|Any CPU
		{5921B093-10F9-4DEB-8606-2F193A7AE761}.Release|Any CPU.ActiveCfg = Release|Any CPU
		{5921B093-10F9-4DEB-8606-2F193A7AE761}.Release|Any CPU.Build.0 = Release|Any CPU
		{43D0851E-0D15-4AFA-99FC-C066EDA4109F}.Debug|Any CPU.ActiveCfg = Debug|Any CPU
		{43D0851E-0D15-4AFA-99FC-C066EDA4109F}.Debug|Any CPU.Build.0 = Debug|Any CPU
		{43D0851E-0D15-4AFA-99FC-C066EDA4109F}.Release|Any CPU.ActiveCfg = Release|Any CPU
		{43D0851E-0D15-4AFA-99FC-C066EDA4109F}.Release|Any CPU.Build.0 = Release|Any CPU
		{BCE754F7-E375-4109-8891-910AC19DDFA4}.Debug|Any CPU.ActiveCfg = Debug|Any CPU
		{BCE754F7-E375-4109-8891-910AC19DDFA4}.Debug|Any CPU.Build.0 = Debug|Any CPU
		{BCE754F7-E375-4109-8891-910AC19DDFA4}.Release|Any CPU.ActiveCfg = Release|Any CPU
		{BCE754F7-E375-4109-8891-910AC19DDFA4}.Release|Any CPU.Build.0 = Release|Any CPU
	EndGlobalSection
	GlobalSection(SolutionProperties) = preSolution
		HideSolutionNode = FALSE
	EndGlobalSection
	GlobalSection(ExtensibilityGlobals) = postSolution
		SolutionGuid = {90359387-59D0-49B3-A4B4-50130FE7A12C}
	EndGlobalSection
EndGlobal
