
Microsoft Visual Studio Solution File, Format Version 12.00
# Visual Studio Version 16
VisualStudioVersion = 16.0.28922.388
MinimumVisualStudioVersion = 10.0.40219.1
Project("{F2A71F9B-5D33-465A-A702-920D77279786}") = "FStest", "FStest\FStest.fsproj", "{62F83076-3B26-4046-B63D-312CD7E74CA7}"
EndProject
Global
	GlobalSection(SolutionConfigurationPlatforms) = preSolution
		Debug|Any CPU = Debug|Any CPU
		Release|Any CPU = Release|Any CPU
	EndGlobalSection
	GlobalSection(ProjectConfigurationPlatforms) = postSolution
		{62F83076-3B26-4046-B63D-312CD7E74CA7}.Debug|Any CPU.ActiveCfg = Debug|Any CPU
		{62F83076-3B26-4046-B63D-312CD7E74CA7}.Debug|Any CPU.Build.0 = Debug|Any CPU
		{62F83076-3B26-4046-B63D-312CD7E74CA7}.Release|Any CPU.ActiveCfg = Release|Any CPU
		{62F83076-3B26-4046-B63D-312CD7E74CA7}.Release|Any CPU.Build.0 = Release|Any CPU
	EndGlobalSection
	GlobalSection(SolutionProperties) = preSolution
		HideSolutionNode = FALSE
	EndGlobalSection
	GlobalSection(ExtensibilityGlobals) = postSolution
		SolutionGuid = {90359387-59D0-49B3-A4B4-50130FE7A12C}
	EndGlobalSection
EndGlobal
